schema: '2.0'
stages:
  data_creation:
    cmd: python3 scripts/data_creation.py
    deps:
    - path: data/data.csv
      hash: md5
      md5: 6694e5734047d9e14640303aa07ee1bf
      size: 662723
    - path: scripts/data_creation.py
      hash: md5
      md5: e5f8821280d46f1a4bbe444e9b5cb3fe
      size: 1874
  data_preprocessing:
    cmd: python3 scripts/data_preprocessing.py
    deps:
    - path: data/clear_data.csv
      hash: md5
      md5: 2507c98206c16709db51dbd5752d12e5
      size: 430542
    - path: scripts/data_preprocessing.py
      hash: md5
      md5: 5ef7df4f2ceb27f6daf276c6ec9c7d36
      size: 2298
    params:
      params.yaml:
        split.split_ratio: 0.4
  model_preparation:
    cmd: python3 scripts/model_preparation.py
    deps:
    - path: data/X_train.npy
      hash: md5
      md5: 601883156fed739ebe37a51f553d8e5d
      size: 1362112
    - path: data/y_Train.npy
      hash: md5
      md5: 161711b0ec14e5c5e3b19c53991a66c4
      size: 26320
    - path: scripts/model_preparation.py
      hash: md5
      md5: 2620385719c12d674c4240d6506c7beb
      size: 1953
    outs:
    - path: models/model.pkl
      hash: md5
      md5: 73751fac3d53a51f94a062029a34b051
      size: 1388742
  model_testing:
    cmd: python3 scripts/model_testing.py
    deps:
    - path: data/X_val.npy
      hash: md5
      md5: 1a6c5ea4ad114837bcdf5f8d725ee55d
      size: 908672
    - path: data/y_val.npy
      hash: md5
      md5: 23fe08ae09f161a05ab37d71e4208606
      size: 17600
    - path: models/model.pkl
      hash: md5
      md5: 73751fac3d53a51f94a062029a34b051
      size: 1388742
    - path: scripts/model_testing.py
      hash: md5
      md5: 0a1f6a119aafb1e385f6572cc0abda24
      size: 809
    outs:
    - path: evaluates/score.json
      hash: md5
      md5: b1fdffe18359a5dc6417b96288ec4a22
      size: 29
